# platform: osx-64
# env_hash: cb41a94dfe39b9af26f41686d2777f5d1ca47c012376a9394ed69f537d63a586
@EXPLICIT
https://conda.anaconda.org/conda-forge/osx-64/bzip2-1.0.8-hc929b4f_4.tar.bz2#521b82c700a64bac7d8da27539422e91
https://conda.anaconda.org/conda-forge/osx-64/c-ares-1.17.1-h0d85af4_1.tar.bz2#786a1af1bc9194e43bb3a9e1ea0146ed
https://conda.anaconda.org/conda-forge/osx-64/ca-certificates-2020.12.5-h033912b_0.tar.bz2#4483d8ea13bd57b52e3539e741501a7d
https://conda.anaconda.org/conda-forge/noarch/font-ttf-dejavu-sans-mono-2.37-hab24e00_0.tar.bz2#0c96522c6bdaed4b1566d11387caaf45
https://conda.anaconda.org/conda-forge/noarch/font-ttf-inconsolata-2.001-hab24e00_0.tar.bz2#1fcc67d5eed875734d8b3eec00b29ce4
https://conda.anaconda.org/conda-forge/noarch/font-ttf-source-code-pro-2.030-hab24e00_0.tar.bz2#dfc1ee25079fd9314698d73ef38b557f
https://conda.anaconda.org/conda-forge/noarch/font-ttf-ubuntu-0.83-hab24e00_0.tar.bz2#19410c3df09dfb12d1206132a1d357c5
https://conda.anaconda.org/conda-forge/osx-64/freexl-1.0.6-h0d85af4_0.tar.bz2#077e147086c0a8ca19071e312a5d12e0
https://conda.anaconda.org/conda-forge/osx-64/fribidi-1.0.10-hbcb3906_0.tar.bz2#f1c6b41e0f56998ecd9a3e210faa1dc0
https://conda.anaconda.org/conda-forge/osx-64/giflib-5.2.1-hbcb3906_2.tar.bz2#be8f747c37e4d7e346c133e641966750
https://conda.anaconda.org/conda-forge/osx-64/jpeg-9d-hbcb3906_0.tar.bz2#ff6fba028f282f94ceb10597d58a56e8
https://conda.anaconda.org/conda-forge/osx-64/json-c-0.13.1-h575e443_1002.tar.bz2#79d224748da1805ae297b21fbb83b1e0
https://conda.anaconda.org/conda-forge/osx-64/libcxx-11.1.0-habf9029_0.tar.bz2#a88609e545f948a404419c65cd96fa1a
https://conda.anaconda.org/conda-forge/osx-64/libev-4.33-haf1e3a3_1.tar.bz2#79dc2be110b2a3d1e97ec21f691c50ad
https://conda.anaconda.org/conda-forge/osx-64/libiconv-1.16-haf1e3a3_0.tar.bz2#c5fab167412a52e491c8e11453ae016f
https://conda.anaconda.org/conda-forge/osx-64/libsodium-1.0.18-hbcb3906_1.tar.bz2#24632c09ed931af617fe6d5292919cab
https://conda.anaconda.org/conda-forge/osx-64/libtool-2.4.6-h2e338ed_1007.tar.bz2#014bb0a1b0fe744bbfaa95db0569eebe
https://conda.anaconda.org/conda-forge/osx-64/libuv-1.41.0-hbcf498f_0.tar.bz2#42903eadc4979eae8e9d2c6a1dc2e5e5
https://conda.anaconda.org/conda-forge/osx-64/libwebp-base-1.2.0-h0d85af4_2.tar.bz2#a5d807d5f16967981d45d6f33621f580
https://conda.anaconda.org/conda-forge/osx-64/llvm-openmp-11.1.0-hda6cdc1_1.tar.bz2#ca57c0d989dda699ee387581f781e239
https://conda.anaconda.org/conda-forge/osx-64/mpi-1.0-mpich.tar.bz2#7316a634ed27146b42d28433ec3bc227
https://conda.anaconda.org/conda-forge/osx-64/ncurses-6.2-h2e338ed_4.tar.bz2#9cef1910395d1543527583e73dba30f1
https://conda.anaconda.org/conda-forge/osx-64/pandoc-2.13-h0d85af4_0.tar.bz2#bee54b1cef69dd845f1057014a3461ee
https://conda.anaconda.org/conda-forge/osx-64/pixman-0.40.0-hbcb3906_0.tar.bz2#09a583a6f172715be21d93aaa1b42d71
https://conda.anaconda.org/conda-forge/noarch/poppler-data-0.4.10-0.tar.bz2#02204e159c8596584135923fd81a2c10
https://conda.anaconda.org/conda-forge/osx-64/tzcode-2021a-h0d85af4_1.tar.bz2#a3ec24006a851c6971726b009cc675c0
https://conda.anaconda.org/conda-forge/osx-64/xz-5.2.5-haf1e3a3_1.tar.bz2#41116deb499e9bc58048c297d6403ce6
https://conda.anaconda.org/conda-forge/osx-64/yaml-0.2.5-haf1e3a3_0.tar.bz2#84c2fc186995c25a43e86ed708065572
https://conda.anaconda.org/conda-forge/osx-64/zlib-1.2.11-h7795811_1010.tar.bz2#7d39e47e16ed0107f37c7224d5b5be8b
https://conda.anaconda.org/conda-forge/osx-64/blosc-1.21.0-he49afe7_0.tar.bz2#95ea0559c188b34a888d42545c580268
https://conda.anaconda.org/conda-forge/osx-64/expat-2.3.0-he49afe7_0.tar.bz2#da0de66781469d35a6358b4d1d1fbbf7
https://conda.anaconda.org/conda-forge/noarch/fonts-conda-forge-1-0.tar.bz2#f766549260d6815b0c52253f1fb1bb29
https://conda.anaconda.org/conda-forge/osx-64/geos-3.8.1-h4a8c4bd_0.tar.bz2#b0590b5a8d2d488d469ab4cb343606ac
https://conda.anaconda.org/conda-forge/osx-64/graphite2-1.3.13-h2e338ed_1001.tar.bz2#5f6e7f98caddd0fc2d345b207531814c
https://conda.anaconda.org/conda-forge/osx-64/hdf4-4.2.13-h71d84a9_1004.tar.bz2#798adc59c4f9633b4146fd0bde19437b
https://conda.anaconda.org/conda-forge/osx-64/icu-68.1-h74dc148_0.tar.bz2#e4e7f8580abd1275ea2250fe606b66ac
https://conda.anaconda.org/conda-forge/osx-64/jasper-1.900.1-h636a363_1006.tar.bz2#3da668fadd9fe0387d68180a21b9c3c7
https://conda.anaconda.org/conda-forge/osx-64/libaec-1.0.4-h046ec9c_1.tar.bz2#b573eb14edcd87c201135eedc7057361
https://conda.anaconda.org/conda-forge/osx-64/libedit-3.1.20191231-h0678c8f_2.tar.bz2#6016a8a1d0e63cac3de2c352cd40208b
https://conda.anaconda.org/conda-forge/osx-64/libffi-3.3-h046ec9c_2.tar.bz2#c7a196accaf92d40985d5c9b4d14f9cb
https://conda.anaconda.org/conda-forge/osx-64/libgfortran5-9.3.0-h6c81a4c_22.tar.bz2#15c2a786898e345e3865008236d50799
https://conda.anaconda.org/conda-forge/osx-64/libllvm10-10.0.1-h009f743_3.tar.bz2#cc65eb0b26253d2789320bfd661852f9
https://conda.anaconda.org/conda-forge/osx-64/libpng-1.6.37-h7cec526_2.tar.bz2#9e52521faba2b53269672628d34e1513
https://conda.anaconda.org/conda-forge/osx-64/libspatialindex-1.9.3-h1c7c35f_3.tar.bz2#0157080fcd4399874da817ce95296543
https://conda.anaconda.org/conda-forge/osx-64/lz4-c-1.9.3-h046ec9c_0.tar.bz2#7f13d69c1b7989b85029efb6f3e35af9
https://conda.anaconda.org/conda-forge/osx-64/openssl-1.1.1k-h0d85af4_0.tar.bz2#f9582eb16f4e3bc7932995e122f30a74
https://conda.anaconda.org/conda-forge/osx-64/pcre-8.44-hb1e8313_0.tar.bz2#e1c1a939ae5ecd32f13db1f742b434e5
https://conda.anaconda.org/conda-forge/osx-64/readline-8.1-h05e3726_0.tar.bz2#2832e9b6a7caa7cb192fcda6cfcd8871
https://conda.anaconda.org/conda-forge/osx-64/tk-8.6.10-h0419947_1.tar.bz2#9a79a432473acddd936ff8bab8b86145
https://conda.anaconda.org/conda-forge/osx-64/zeromq-4.3.4-h1c7c35f_0.tar.bz2#2af55e3523e9210b2b2dff5855fb5382
https://conda.anaconda.org/conda-forge/noarch/fonts-conda-ecosystem-1-0.tar.bz2#fee5683a3f04bd15cbd8318b096a27ab
https://conda.anaconda.org/conda-forge/osx-64/freetype-2.10.4-h4cff582_1.tar.bz2#5a136a432c6062362cd7990c514bd8d6
https://conda.anaconda.org/conda-forge/osx-64/gettext-0.19.8.1-h7937167_1005.tar.bz2#52fd84c5cc5d61a6e05885f44d033efa
https://conda.anaconda.org/conda-forge/osx-64/krb5-1.17.2-h60d9502_0.tar.bz2#abf2add2a1ade1920b25a8f3327a1aa0
https://conda.anaconda.org/conda-forge/osx-64/libgfortran-5.0.0-9_3_0_h6c81a4c_22.tar.bz2#2a96d438e9b3b5ece940211a4259d3e3
https://conda.anaconda.org/conda-forge/osx-64/libnghttp2-1.43.0-h07e645a_0.tar.bz2#b4a9c405d47f3b120ed6cf86cc8a13aa
https://conda.anaconda.org/conda-forge/osx-64/librttopo-1.1.0-h822eb06_4.tar.bz2#58edbfd25d3445f5df8097c6c013b9a7
https://conda.anaconda.org/conda-forge/osx-64/libssh2-1.9.0-h52ee1ee_6.tar.bz2#42cebefd1fd127d1180e3df004a413b7
https://conda.anaconda.org/conda-forge/osx-64/libxml2-2.9.10-h93ec3fd_4.tar.bz2#65d5f634e962c4883184aa65902241fd
https://conda.anaconda.org/conda-forge/osx-64/nodejs-15.14.0-hb529b34_0.tar.bz2#ca62bc5319512796e2e42264a6d2f747
https://conda.anaconda.org/conda-forge/osx-64/sqlite-3.35.4-h44b9ce1_0.tar.bz2#8a07c36ce8a003a8213591882314dac6
https://conda.anaconda.org/conda-forge/osx-64/udunits2-2.2.27.27-h664449b_1.tar.bz2#10a1c0239c272976e1cfc85be1d02f71
https://conda.anaconda.org/conda-forge/osx-64/xerces-c-3.2.3-h379762d_2.tar.bz2#6e2e329eab8a50d64f841331f4de0468
https://conda.anaconda.org/conda-forge/osx-64/zstd-1.4.9-h582d3a0_0.tar.bz2#551e04087371339ee63524f2988faa62
https://conda.anaconda.org/conda-forge/osx-64/boost-cpp-1.74.0-h43a636a_2.tar.bz2#547d7c5e9afe4b7164ebc0c7b6df5bf0
https://conda.anaconda.org/conda-forge/osx-64/fontconfig-2.13.1-h10f422b_1005.tar.bz2#95d7756fee0926aa2b6d111299c173f7
https://conda.anaconda.org/conda-forge/osx-64/libcurl-7.76.0-h8ef9fac_0.tar.bz2#196de557ead286a583e176056a9f5e50
https://conda.anaconda.org/conda-forge/osx-64/libglib-2.68.1-hd556434_0.tar.bz2#a2919868ce5a9ca26eb20689b5ce6baa
https://conda.anaconda.org/conda-forge/osx-64/libopenblas-0.3.12-openmp_h54245bb_1.tar.bz2#ecaffce11312c27c18ad35e65095fecc
https://conda.anaconda.org/conda-forge/osx-64/libpq-12.3-h7049927_3.tar.bz2#0d81d4294d3afd9b7269821e71d0fd0c
https://conda.anaconda.org/conda-forge/osx-64/libtiff-4.2.0-h355d032_0.tar.bz2#ad3cbf0f77b9f89df082eef584d9009a
https://conda.anaconda.org/conda-forge/osx-64/mpich-3.4.1-hd33e60e_104.tar.bz2#66c5ac653650be446075645e3c07ddd6
https://conda.anaconda.org/conda-forge/osx-64/python-3.8.8-h4e93d89_0_cpython.tar.bz2#fd8260be7af83c005bbf0767361da91d
https://conda.anaconda.org/conda-forge/osx-64/tiledb-2.2.7-he9a4fb4_0.tar.bz2#b3f39b995e31d302257cf6efaee969a2
https://conda.anaconda.org/conda-forge/noarch/affine-2.3.0-py_0.tar.bz2#5a9bfe23652d0ad9aa27e56cd75bfe33
https://conda.anaconda.org/conda-forge/noarch/appdirs-1.4.4-pyh9f0ad1d_0.tar.bz2#5f095bc6454094e96f146491fd03633b
https://conda.anaconda.org/conda-forge/noarch/asciitree-0.3.3-py_2.tar.bz2#c0481c9de49f040272556e2cedf42816
https://conda.anaconda.org/conda-forge/noarch/async_generator-1.10-py_0.tar.bz2#d56c596e61b1c4952acf0a9920856c12
https://conda.anaconda.org/conda-forge/osx-64/atk-1.0-2.36.0-he69c4ee_4.tar.bz2#7b97814b391b446512be7df30c90ad26
https://conda.anaconda.org/conda-forge/noarch/attrs-20.3.0-pyhd3deb0d_0.tar.bz2#5b319abb055eefcfa344bc21378ca23f
https://conda.anaconda.org/conda-forge/noarch/backcall-0.2.0-pyh9f0ad1d_0.tar.bz2#6006a6d08a3fa99268a2681c7fb55213
https://conda.anaconda.org/conda-forge/noarch/backports-1.0-py_2.tar.bz2#0da16b293affa6ac31812376f8eb79dd
https://conda.anaconda.org/conda-forge/noarch/cached_property-1.5.2-pyha770c72_1.tar.bz2#576d629e47797577ab0f1b351297ef4a
https://conda.anaconda.org/conda-forge/osx-64/cairo-1.16.0-he43a7df_1008.tar.bz2#9a7c5be2c238f69157979bd1987bac82
https://conda.anaconda.org/conda-forge/osx-64/cfitsio-3.470-h01dc385_7.tar.bz2#7f3e6254480eeccf854238807b1798d9
https://conda.anaconda.org/conda-forge/noarch/click-7.1.2-pyh9f0ad1d_0.tar.bz2#bd50a970ce07e660c319fdc4d730d3f1
https://conda.anaconda.org/conda-forge/noarch/cloudpickle-1.6.0-py_0.tar.bz2#76d764d8881719e305f6fa368dc2b65e
https://conda.anaconda.org/conda-forge/osx-64/curl-7.76.0-h06286d4_0.tar.bz2#af55897a2351b4f88f642abf63f67ad5
https://conda.anaconda.org/conda-forge/noarch/dataclasses-0.8-pyhc8e2a94_1.tar.bz2#28e0de0ecba81334619a777fdc00febc
https://conda.anaconda.org/conda-forge/noarch/decorator-5.0.6-pyhd8ed1ab_0.tar.bz2#39630f8daa82fec8133e83ca043db78a
https://conda.anaconda.org/conda-forge/noarch/defusedxml-0.7.1-pyhd8ed1ab_0.tar.bz2#961b3a227b437d82ad7054484cfa71b2
https://conda.anaconda.org/conda-forge/noarch/entrypoints-0.3-pyhd8ed1ab_1003.tar.bz2#bbf9a201f6ce99a506f4955374d9a9f4
https://conda.anaconda.org/conda-forge/noarch/fastprogress-1.0.0-py_0.tar.bz2#0765c7a36e7ed365cab77858c9fba1b7
https://conda.anaconda.org/conda-forge/noarch/fsspec-0.9.0-pyhd8ed1ab_0.tar.bz2#ea14c83a9e16d82ffa15d30ac5df7ba2
https://conda.anaconda.org/conda-forge/osx-64/gdk-pixbuf-2.42.6-h2e6141f_0.tar.bz2#be5dd0a4ffc76407baa987e0d99d6c97
https://conda.anaconda.org/conda-forge/osx-64/gts-0.7.6-hccb3bdf_2.tar.bz2#ad799f4bcdacc510347c2d9d19b40bc3
https://conda.anaconda.org/conda-forge/osx-64/hdf5-1.10.6-mpi_mpich_h8c5dddf_1013.tar.bz2#e6eeb92b3b6f650b7a238e6ef20cad8f
https://conda.anaconda.org/conda-forge/noarch/heapdict-1.0.1-py_0.tar.bz2#77242bfb1e74a627fb06319b5a2d3b95
https://conda.anaconda.org/conda-forge/noarch/idna-2.10-pyh9f0ad1d_0.tar.bz2#f95a12b4f435aae6680fe55ae2eb1b06
https://conda.anaconda.org/conda-forge/noarch/ipython_genutils-0.2.0-py_1.tar.bz2#5071c982548b3a20caf70462f04f5287
https://conda.anaconda.org/conda-forge/noarch/json5-0.9.5-pyh9f0ad1d_0.tar.bz2#10759827a94e6b14996e81fb002c0bda
https://conda.anaconda.org/conda-forge/noarch/jupyterlab_widgets-1.0.0-pyhd8ed1ab_1.tar.bz2#f8da92114c8fbe1d951b0efaf54dd14b
https://conda.anaconda.org/conda-forge/osx-64/lcms2-2.12-h577c468_0.tar.bz2#abce77b852b73670e85e104746b0ea1b
https://conda.anaconda.org/conda-forge/osx-64/libblas-3.9.0-8_openblas.tar.bz2#054ee8e709d3d9c2678a3c8bda034896
https://conda.anaconda.org/conda-forge/osx-64/libkml-1.3.0-h8fd9edb_1013.tar.bz2#422f4621e74a9ebff7cc68883f78e283
https://conda.anaconda.org/conda-forge/osx-64/libwebp-1.2.0-h1648767_0.tar.bz2#83d55a406842f05cdfecc995c1e69018
https://conda.anaconda.org/conda-forge/noarch/locket-0.2.0-py_2.tar.bz2#709e8671651c7ec3d1ad07800339ff1d
https://conda.anaconda.org/conda-forge/noarch/monotonic-1.5-py_0.tar.bz2#0cc5fd0140497c3f1e2db2e7493b62b3
https://conda.anaconda.org/conda-forge/noarch/nest-asyncio-1.5.1-pyhd8ed1ab_0.tar.bz2#47a51a5b8f9cc41004c8d7bd88b62447
https://conda.anaconda.org/conda-forge/noarch/olefile-0.46-pyh9f0ad1d_1.tar.bz2#0b2e68acc8c78c8cc392b90983481f58
https://conda.anaconda.org/conda-forge/osx-64/openjpeg-2.4.0-h6cbf5cd_0.tar.bz2#38e701cb94a7e667a19c287f2398f04b
https://conda.anaconda.org/conda-forge/noarch/pandocfilters-1.4.2-py_1.tar.bz2#ba6f4a308f1ea22abe1d72e72544af76
https://conda.anaconda.org/conda-forge/noarch/param-1.10.1-pyhd3deb0d_0.tar.bz2#e990456731e2381b8801b26242234e26
https://conda.anaconda.org/conda-forge/noarch/parso-0.8.2-pyhd8ed1ab_0.tar.bz2#fb40b157bd62b457a1cc82527b63f0b0
https://conda.anaconda.org/conda-forge/noarch/pathspec-0.8.1-pyhd3deb0d_0.tar.bz2#fcd2fbb062b55d14a77e664c89ee17a6
https://conda.anaconda.org/conda-forge/noarch/pickleshare-0.7.5-py_1003.tar.bz2#415f0ebb6198cc2801c73438a9fb5761
https://conda.anaconda.org/conda-forge/osx-64/postgresql-12.3-he852019_3.tar.bz2#2d052c9b8e4160233fa6755c322d843a
https://conda.anaconda.org/conda-forge/osx-64/proj-7.2.0-h78d1473_2.tar.bz2#3d1cbf2f7d932f2d0fef10267bf787f8
https://conda.anaconda.org/conda-forge/noarch/prometheus_client-0.10.1-pyhd8ed1ab_0.tar.bz2#088ca4c07d7b346a2a099b3685a0e992
https://conda.anaconda.org/conda-forge/noarch/ptyprocess-0.7.0-pyhd3deb0d_0.tar.bz2#359eeb6536da0e687af562ed265ec263
https://conda.anaconda.org/conda-forge/noarch/pycparser-2.20-pyh9f0ad1d_2.tar.bz2#aa798d50ffd182a0f6f31478c7f434f6
https://conda.anaconda.org/conda-forge/noarch/pyparsing-2.4.7-pyh9f0ad1d_0.tar.bz2#626c4f20d5bf06dcec9cf2eaa31725c7
https://conda.anaconda.org/conda-forge/noarch/pyshp-2.1.3-pyh44b312d_0.tar.bz2#2d1867b980785eb44b8122184d8b42a6
https://conda.anaconda.org/conda-forge/osx-64/python_abi-3.8-1_cp38.tar.bz2#5fe7757fd743e1c2d14d6170d4f53365
https://conda.anaconda.org/conda-forge/noarch/pytz-2021.1-pyhd8ed1ab_0.tar.bz2#3af2e9424d5eb0063824a3f9b850d411
https://conda.anaconda.org/conda-forge/noarch/send2trash-1.5.0-py_0.tar.bz2#c3779037a635e1150f1c53c28b875949
https://conda.anaconda.org/conda-forge/noarch/six-1.15.0-pyh9f0ad1d_0.tar.bz2#1eec421f0f1f39e579e44e4a5ce646a2
https://conda.anaconda.org/conda-forge/noarch/sortedcontainers-2.3.0-pyhd8ed1ab_0.tar.bz2#2f5b87cd0bdf1822b62e40909f471db4
https://conda.anaconda.org/conda-forge/noarch/tblib-1.7.0-pyhd8ed1ab_0.tar.bz2#3d4afc31302aa7be471feb6be048ed76
https://conda.anaconda.org/conda-forge/noarch/testpath-0.4.4-py_0.tar.bz2#3b98fff4d5342bebde2ecaa314f796f9
https://conda.anaconda.org/conda-forge/noarch/textwrap3-0.9.2-py_0.tar.bz2#1f84e74e9dbe2e5ae38c58496bffaca8
https://conda.anaconda.org/conda-forge/noarch/toml-0.10.2-pyhd8ed1ab_0.tar.bz2#f832c45a477c78bebd107098db465095
https://conda.anaconda.org/conda-forge/noarch/toolz-0.11.1-py_0.tar.bz2#d1e66b58cb00b3817ad9f05eec098c00
https://conda.anaconda.org/conda-forge/noarch/tqdm-4.60.0-pyhd8ed1ab_0.tar.bz2#d4d22fcd50ccf1925fe59efd36ba4358
https://conda.anaconda.org/conda-forge/noarch/typing_extensions-3.7.4.3-py_0.tar.bz2#12b96e382730541a4b332420227055ae
https://conda.anaconda.org/conda-forge/noarch/webencodings-0.5.1-py_1.tar.bz2#3563be4c5611a44210d9ba0c16113136
https://conda.anaconda.org/conda-forge/noarch/wheel-0.36.2-pyhd3deb0d_0.tar.bz2#768bfbe026426d0e76b377997d1f2b98
https://conda.anaconda.org/conda-forge/noarch/zipp-3.4.1-pyhd8ed1ab_0.tar.bz2#a4fa30eb74a326092b3d8078b1f1aae1
https://conda.anaconda.org/conda-forge/noarch/ansiwrap-0.8.4-py_0.tar.bz2#f09557e2a7cbd2470a2ab6353000cebd
https://conda.anaconda.org/conda-forge/osx-64/antlr-python-runtime-4.7.2-py38h50d1736_1002.tar.bz2#aebea38d73e2a51401ac9f5953c9b021
https://conda.anaconda.org/conda-forge/osx-64/appnope-0.1.2-py38h50d1736_1.tar.bz2#8426b3b9bb0f98118f24e55958f88b8e
https://conda.anaconda.org/conda-forge/noarch/babel-2.9.0-pyhd3deb0d_0.tar.bz2#1cb532c9a6fd4e56a9f0906b87c17b76
https://conda.anaconda.org/conda-forge/noarch/cached-property-1.5.2-hd8ed1ab_1.tar.bz2#9b347a7ec10940d3f7941ff6c460b551
https://conda.anaconda.org/conda-forge/osx-64/certifi-2020.12.5-py38h50d1736_1.tar.bz2#fe528d606027dc2848f5a3577ab9b4eb
https://conda.anaconda.org/conda-forge/osx-64/cffi-1.14.5-py38ha97d567_0.tar.bz2#e7e73148c3781ec81b23f02d7891f138
https://conda.anaconda.org/conda-forge/osx-64/chardet-4.0.0-py38h50d1736_1.tar.bz2#78e43861bd8d39b948feaa1715b22851
https://conda.anaconda.org/conda-forge/noarch/click-plugins-1.1.1-py_0.tar.bz2#4fd2c6b53934bd7d96d1f3fdaf99b79f
https://conda.anaconda.org/conda-forge/noarch/cligj-0.7.1-pyhd8ed1ab_0.tar.bz2#3170b1d23788c6b161dbd14bfb5c752e
https://conda.anaconda.org/conda-forge/noarch/cycler-0.10.0-py_2.tar.bz2#f6d7c7e6d8f42cbbec7e07a8d879f91c
https://conda.anaconda.org/conda-forge/osx-64/cytoolz-0.11.0-py38h5406a74_3.tar.bz2#47390f3152fb50f6bab264b3a91779b4
https://conda.anaconda.org/conda-forge/noarch/fasteners-0.14.1-py_3.tar.bz2#8af0bf3cfe806fb001d9923b4fe1594b
https://conda.anaconda.org/conda-forge/osx-64/geotiff-1.6.0-h4fce3c3_4.tar.bz2#e3b8964148f1f8e307956186e4b51575
https://conda.anaconda.org/conda-forge/osx-64/harfbuzz-2.8.0-h159f659_1.tar.bz2#ee71b6631ddc17ba85c3b8aa8581b018
https://conda.anaconda.org/conda-forge/osx-64/importlib-metadata-3.10.1-py38h50d1736_0.tar.bz2#48785406fa4f8437e593444d6dd91c78
https://conda.anaconda.org/conda-forge/osx-64/importlib_resources-5.1.2-py38h50d1736_0.tar.bz2#c5c38c73d83cc2c3e4fe2eac69b485d6
https://conda.anaconda.org/conda-forge/osx-64/jedi-0.18.0-py38h50d1736_2.tar.bz2#fd627462ba923b731e3220d729f05951
https://conda.anaconda.org/conda-forge/osx-64/kealib-1.4.14-h31dd65d_2.tar.bz2#a6748170c0d1444fb46a330d2553ca3e
https://conda.anaconda.org/conda-forge/osx-64/kiwisolver-1.3.1-py38hd9c93a9_1.tar.bz2#74c943c367b1dd3e951e92520a71fc96
https://conda.anaconda.org/conda-forge/osx-64/libcblas-3.9.0-8_openblas.tar.bz2#67acafbc05ce608462a59740ef546b52
https://conda.anaconda.org/conda-forge/osx-64/libdap4-3.20.6-h3e144a0_2.tar.bz2#55e0706347eb18f3616808366236bcaa
https://conda.anaconda.org/conda-forge/osx-64/libgd-2.3.2-h4e7a7ea_0.tar.bz2#d9e83a65dafb084ef6d718206fb96699
https://conda.anaconda.org/conda-forge/osx-64/liblapack-3.9.0-8_openblas.tar.bz2#f20c01455d69b8a613bb92cd4544b553
https://conda.anaconda.org/conda-forge/osx-64/libnetcdf-4.7.4-mpi_mpich_h2865646_7.tar.bz2#bd9d0dc2880ed3e2a01215ddecfd202b
https://conda.anaconda.org/conda-forge/osx-64/libspatialite-5.0.1-hc8f9cd9_1.tar.bz2#95b628262f2c68765a1547901351a456
https://conda.anaconda.org/conda-forge/osx-64/llvmlite-0.36.0-py38h872f124_0.tar.bz2#4f2f6cb8e2212d9933fbf8729c5641e5
https://conda.anaconda.org/conda-forge/osx-64/lz4-3.1.3-py38h5bcf07e_0.tar.bz2#8c5b0194daafbbe132abab508da95754
https://conda.anaconda.org/conda-forge/osx-64/markupsafe-1.1.1-py38h5406a74_3.tar.bz2#f1334fc4cf0a7c6a7defc63457a9771c
https://conda.anaconda.org/conda-forge/osx-64/mistune-0.8.4-py38h5406a74_1003.tar.bz2#a15cfd99b648dbb53db4ab2347ba80e8
https://conda.anaconda.org/conda-forge/osx-64/mpi4py-3.0.3-py38h12313e3_5.tar.bz2#f031a4b0c8db7af25a437406616ef8ed
https://conda.anaconda.org/conda-forge/osx-64/msgpack-python-1.0.2-py38hd9c93a9_1.tar.bz2#4ff5344d211cde8532653025296a0ccc
https://conda.anaconda.org/conda-forge/noarch/multipledispatch-0.6.0-py_0.tar.bz2#1073dc92c8f247d94ac14dd79ca0bbec
https://conda.anaconda.org/conda-forge/osx-64/mypy_extensions-0.4.3-py38h50d1736_3.tar.bz2#ffac8711bd3ad114760e8773ba365240
https://conda.anaconda.org/conda-forge/noarch/packaging-20.9-pyh44b312d_0.tar.bz2#be69a38e912054a62dc82cc3c7711a64
https://conda.anaconda.org/conda-forge/noarch/partd-1.2.0-pyhd8ed1ab_0.tar.bz2#0c32f563d7f22e3a34c95cad8cc95651
https://conda.anaconda.org/conda-forge/noarch/pexpect-4.8.0-pyh9f0ad1d_2.tar.bz2#5909e7b978141dd80d28dbf9de627827
https://conda.anaconda.org/conda-forge/osx-64/pillow-8.1.2-py38h83525de_1.tar.bz2#283aef313eba5fc215b0aba65cbdb2fa
https://conda.anaconda.org/conda-forge/osx-64/poppler-0.89.0-hd735947_5.tar.bz2#8ccadd857799b0f550e86399b44c473b
https://conda.anaconda.org/conda-forge/osx-64/psutil-5.8.0-py38h5406a74_1.tar.bz2#ede1fa6897d23711e140d04204c3eece
https://conda.anaconda.org/conda-forge/noarch/pyct-core-0.4.6-py_0.tar.bz2#55ec526f95e0959de3f68bc6289a20da
https://conda.anaconda.org/conda-forge/osx-64/pyrsistent-0.17.3-py38h5406a74_2.tar.bz2#50060fafbdcf7202bf3aec945555b911
https://conda.anaconda.org/conda-forge/osx-64/pysocks-1.7.1-py38h50d1736_3.tar.bz2#cbf7ab149d29e578a094bcf99d2dbf09
https://conda.anaconda.org/conda-forge/osx-64/python-blosc-1.10.2-py38h1588c1c_0.tar.bz2#2619f96b3c566f5e1b82fc380fbdf23b
https://conda.anaconda.org/conda-forge/noarch/python-dateutil-2.8.1-py_0.tar.bz2#0d0150ed9c2d25817f5324108d3f7571
https://conda.anaconda.org/conda-forge/noarch/pyviz_comms-2.0.1-pyhd3deb0d_0.tar.bz2#12e4d3289ffcbdf465864af6eb2c6f4b
https://conda.anaconda.org/conda-forge/osx-64/pyyaml-5.4.1-py38h5406a74_0.tar.bz2#bf86e551c8730e6f6fd8b01b082929c3
https://conda.anaconda.org/conda-forge/osx-64/pyzmq-22.0.3-py38hd3b92b6_1.tar.bz2#9ad78b293488e09797216e8fd1acb4fb
https://conda.anaconda.org/conda-forge/osx-64/regex-2021.4.4-py38h96a0964_0.tar.bz2#ce562fbde350df0d43e8685810586d3d
https://conda.anaconda.org/conda-forge/osx-64/rtree-0.9.7-py38hc59ffc2_1.tar.bz2#0935c0d31e6703a3ba1f15e9dca39e50
https://conda.anaconda.org/conda-forge/osx-64/sniffio-1.2.0-py38h50d1736_1.tar.bz2#5071a98de41511ed3b2f11f6034fa083
https://conda.anaconda.org/conda-forge/noarch/tenacity-7.0.0-pyhd8ed1ab_0.tar.bz2#1e78781812622a6df0141e0857f52ab3
https://conda.anaconda.org/conda-forge/osx-64/tomlkit-0.7.0-py38h50d1736_3.tar.bz2#66c2af865c2d545b6b5a5deb45084dfb
https://conda.anaconda.org/conda-forge/osx-64/tornado-6.1-py38h5406a74_1.tar.bz2#9f14218e2a273093a0249c3214972055
https://conda.anaconda.org/conda-forge/noarch/traitlets-5.0.5-py_0.tar.bz2#99618ee9ab1323e40f231acdab92fe60
https://conda.anaconda.org/conda-forge/osx-64/typed-ast-1.4.2-py38h5406a74_0.tar.bz2#50ecd62304129f73106a377498c3c41e
https://conda.anaconda.org/conda-forge/noarch/zict-2.0.0-py_0.tar.bz2#4750152be22f24d695b3004c5e1712d3
https://conda.anaconda.org/conda-forge/osx-64/anyio-2.2.0-py38h50d1736_0.tar.bz2#cdc07bb9d62ee6e44c03e04a654f20d9
https://conda.anaconda.org/conda-forge/osx-64/argon2-cffi-20.1.0-py38h5406a74_2.tar.bz2#0345d6e49af20d6aa8af98373075bcad
https://conda.anaconda.org/conda-forge/noarch/black-20.8b1-py_1.tar.bz2#e555d6b71ec916c3dc4e6e3793cc9796
https://conda.anaconda.org/conda-forge/osx-64/brotlipy-0.7.0-py38h5406a74_1001.tar.bz2#67c7c3b7a69e581e3a611730c8ea94fc
https://conda.anaconda.org/conda-forge/osx-64/cryptography-3.4.7-py38h1fa4640_0.tar.bz2#5304e7f817ae1197827db78524f7c2a7
https://conda.anaconda.org/conda-forge/noarch/dask-core-2021.4.0-pyhd8ed1ab_0.tar.bz2#6a3cee4ed19dffa70d021526d0f07258
https://conda.anaconda.org/conda-forge/noarch/deprecation-2.1.0-pyh9f0ad1d_0.tar.bz2#7b6747d7cc2076341029cff659669e8b
https://conda.anaconda.org/conda-forge/osx-64/eccodes-2.21.0-h136bbf5_0.tar.bz2#c7f0b36735c7d8e897c44e8ff8aaabe6
https://conda.anaconda.org/conda-forge/noarch/importlib_metadata-3.10.1-hd8ed1ab_0.tar.bz2#daa6bb6edd7537397fc4363782e623aa
https://conda.anaconda.org/conda-forge/osx-64/jupyter_core-4.7.1-py38h50d1736_0.tar.bz2#1253aea385688aebc9941897681c8a2a
https://conda.anaconda.org/conda-forge/osx-64/libgdal-3.2.1-he1d4179_3.tar.bz2#11233da76c19c58b40b6a62fc532a9bf
https://conda.anaconda.org/conda-forge/noarch/markdown-3.3.4-pyhd8ed1ab_0.tar.bz2#b8054f74fbed2b282f032219f114421a
https://conda.anaconda.org/conda-forge/noarch/memory_profiler-0.58.0-py_0.tar.bz2#2a5e0b9d1279670b4bd6c80959050c52
https://conda.anaconda.org/conda-forge/osx-64/netcdf-fortran-4.5.3-mpi_mpich_hc610113_3.tar.bz2#21085769c27fbb1dd152191b1c3801e4
https://conda.anaconda.org/conda-forge/osx-64/numpy-1.20.2-py38had91d27_0.tar.bz2#9a5749fcbc6e2b0220f57491748728b2
https://conda.anaconda.org/conda-forge/osx-64/pango-1.42.4-ha86e081_5.tar.bz2#23cc7aeb9c983f9bba284efb9de48078
https://conda.anaconda.org/conda-forge/osx-64/pyproj-3.0.1-py38hbfd3961_0.tar.bz2#530765b189c676faaa7e0cfd122bd89f
https://conda.anaconda.org/conda-forge/osx-64/setuptools-49.6.0-py38h50d1736_3.tar.bz2#af8a81ee7c2c09fc2884c800a044b616
https://conda.anaconda.org/conda-forge/noarch/snakeviz-2.1.0-pyh9f0ad1d_0.tar.bz2#f3747861e233cca91866265b48382356
https://conda.anaconda.org/conda-forge/osx-64/terminado-0.9.4-py38h50d1736_0.tar.bz2#d00253bba516c5a41988e34e60f16b3f
https://conda.anaconda.org/conda-forge/noarch/backports.functools_lru_cache-1.6.4-pyhd8ed1ab_0.tar.bz2#c5b3edc62d6309088f4970b3eaaa65a6
https://conda.anaconda.org/conda-forge/noarch/bleach-3.3.0-pyh44b312d_0.tar.bz2#abf6b76c39358ca36ca706c46f054f2a
https://conda.anaconda.org/conda-forge/osx-64/bottleneck-1.3.2-py38hc7193ba_3.tar.bz2#ee082d2a1e13cb0c7ad50a16e8226638
https://conda.anaconda.org/conda-forge/osx-64/cftime-1.4.1-py38ha1b04c9_0.tar.bz2#7c89fc51ac7481cc1df84ebc0757a1db
https://conda.anaconda.org/conda-forge/noarch/colorspacious-1.1.2-pyh24bf2e0_0.tar.bz2#b73afa0d009a51cabd3ec99c4d2ef4f3
https://conda.anaconda.org/conda-forge/noarch/datashape-0.5.4-py_1.tar.bz2#50ddfce434ea596fc4497085f403a9d5
https://conda.anaconda.org/conda-forge/osx-64/distributed-2021.4.0-py38h50d1736_0.tar.bz2#ab0ca0f3e51e89dd19f80978867601e5
https://conda.anaconda.org/conda-forge/noarch/eofs-1.4.0-py_0.tar.bz2#6e166cd37cfeadefcfca1ffe00f222bb
https://conda.anaconda.org/conda-forge/osx-64/esmf-8.1.0-mpi_mpich_he0c1309_100.tar.bz2#48c011a9c000ca7ff0e24fd132b7f8a1
https://conda.anaconda.org/conda-forge/osx-64/gdal-3.2.1-py38h1cfd383_3.tar.bz2#cb14c62e96682199c12064d9bad22e02
https://conda.anaconda.org/conda-forge/osx-64/gsw-3.4.0-py38h8cc9b4f_1.tar.bz2#f6e400626cff28a50eef37d1e5e98d66
https://conda.anaconda.org/conda-forge/osx-64/gtk2-2.24.33-h55c0dba_0.tar.bz2#a02716cf9553c9a34299258ef6c9f08e
https://conda.anaconda.org/conda-forge/osx-64/h5py-3.1.0-nompi_py38h5142359_100.tar.bz2#805917dbadc645072a237560a6520fce
https://conda.anaconda.org/conda-forge/noarch/jinja2-2.11.3-pyh44b312d_0.tar.bz2#1d4c3605d85a3655b1595e0694138eb6
https://conda.anaconda.org/conda-forge/noarch/jsonschema-3.2.0-pyhd8ed1ab_3.tar.bz2#66125e28711d8ffc04a207a2b170316d
https://conda.anaconda.org/conda-forge/noarch/jupyter-packaging-0.9.1-pyhd8ed1ab_0.tar.bz2#a323e1fbb8b7ec51a02601cbd7dd9db5
https://conda.anaconda.org/conda-forge/noarch/jupyter_client-6.1.12-pyhd8ed1ab_0.tar.bz2#f58b38ddb9f94fa3cafea4ba2b17f93b
https://conda.anaconda.org/conda-forge/osx-64/librsvg-2.50.3-hd4300c0_1.tar.bz2#f4a358de515f3168339ef3d688b3e90d
https://conda.anaconda.org/conda-forge/osx-64/matplotlib-base-3.4.1-py38h6152e83_0.tar.bz2#1f3d9f48471bd68f29b3ae1f52bb4c08
https://conda.anaconda.org/conda-forge/noarch/munch-2.5.0-py_0.tar.bz2#31d9e9be500e25ff0050bc9f57a6bcd7
https://conda.anaconda.org/conda-forge/osx-64/numba-0.53.1-py38h8fd2267_0.tar.bz2#8f6ca3107c90d9cdd334a20221747091
https://conda.anaconda.org/conda-forge/osx-64/numcodecs-0.7.3-py38h0a5c65b_0.tar.bz2#71288172c573918178c251e740ce36fe
https://conda.anaconda.org/conda-forge/osx-64/pandas-1.2.4-py38h1f261ad_0.tar.bz2#ba20ba2402186a1b7c3c30fa3d2e95b4
https://conda.anaconda.org/conda-forge/noarch/pint-0.17-pyhd8ed1ab_0.tar.bz2#7a334c0cd901ae380ab30285ad2a4b8a
https://conda.anaconda.org/conda-forge/noarch/pip-21.0.1-pyhd8ed1ab_0.tar.bz2#849477e10d78cbc283c78fd53bfbb567
https://conda.anaconda.org/conda-forge/noarch/pygments-2.8.1-pyhd8ed1ab_0.tar.bz2#196e0cff141677f430fc06eb0d0ad94d
https://conda.anaconda.org/conda-forge/noarch/pyopenssl-20.0.1-pyhd8ed1ab_0.tar.bz2#92371c25994d0f5d28a01c1fb75ebf86
https://conda.anaconda.org/conda-forge/osx-64/python-eccodes-2021.03.0-py38h0793694_1.tar.bz2#25a94fc6b380382408389f18395e9d0e
https://conda.anaconda.org/conda-forge/osx-64/scipy-1.6.2-py38h431c0a8_0.tar.bz2#3cb15ccfbe0243d35f9dd325d30a8887
https://conda.anaconda.org/conda-forge/osx-64/shapely-1.7.1-py38h7843d1f_1.tar.bz2#49a7a8c43aca5934260aebf39b0c7552
https://conda.anaconda.org/conda-forge/noarch/snuggs-1.4.7-py_0.tar.bz2#cb83a3d6ecf73f50117635192414426a
https://conda.anaconda.org/conda-forge/osx-64/basemap-1.2.2-py38h5bd771d_3.tar.bz2#193b4949ff0a5cbde99eab2cc0666479
https://conda.anaconda.org/conda-forge/osx-64/bokeh-2.3.1-py38h50d1736_0.tar.bz2#47e750b1c66a35d73b0267ac8d83d362
https://conda.anaconda.org/conda-forge/osx-64/cartopy-0.18.0-py38he423d8b_8.tar.bz2#a69f39a0f1c5aa03aed421b928d1f8e4
https://conda.anaconda.org/conda-forge/osx-64/cf-units-2.1.4-py38h174b24a_2.tar.bz2#21c7006215d8520d80e1dc7bcdee8a3b
https://conda.anaconda.org/conda-forge/noarch/cmocean-2.0-py_3.tar.bz2#10f08c3aa77dc4080ebc1c03cb542f70
https://conda.anaconda.org/conda-forge/noarch/dask-jobqueue-0.7.2-pyhd8ed1ab_1.tar.bz2#cf9d1d4f7aaa0d99d7ec6251106686ea
https://conda.anaconda.org/conda-forge/osx-64/dask-mpi-2.21.0-py38hcd06e49_1.tar.bz2#da5f3c5b8076474b31de4a3861902172
https://conda.anaconda.org/conda-forge/osx-64/esmpy-8.1.0-mpi_mpich_py38h661e69c_100.tar.bz2#ee89f27587b9b161d528031dc9ea5578
https://conda.anaconda.org/conda-forge/osx-64/fiona-1.8.18-py38hf4ff7c0_1.tar.bz2#6e6bfb6571dd62fc8c48f418d56edce2
https://conda.anaconda.org/conda-forge/osx-64/graphviz-2.47.0-hdb475ea_1.tar.bz2#31b618cc82d999badc4873b701232874
https://conda.anaconda.org/conda-forge/noarch/h5netcdf-0.10.0-pyhd8ed1ab_0.tar.bz2#b5c92155f9e1c3c7c18b95453f90145a
https://conda.anaconda.org/conda-forge/noarch/jupyterlab_pygments-0.1.2-pyh9f0ad1d_0.tar.bz2#2cbd910890bb328e8959246a1e16fac7
https://conda.anaconda.org/conda-forge/osx-64/matplotlib-3.4.1-py38h50d1736_0.tar.bz2#a21cdf96e13bcba856ed05583cca61f5
https://conda.anaconda.org/conda-forge/noarch/nbformat-5.1.3-pyhd8ed1ab_0.tar.bz2#bafa5df6d4f8db69a4d197b4657127e7
https://conda.anaconda.org/conda-forge/noarch/nc-time-axis-1.2.0-py_1.tar.bz2#f3158a5d335f0f44f09cf05d3fb4107e
https://conda.anaconda.org/conda-forge/osx-64/netcdf4-1.5.6-nompi_py38h2c97785_101.tar.bz2#00a000ef89f417c103d103f2df8a7553
https://conda.anaconda.org/conda-forge/noarch/patsy-0.5.1-py_0.tar.bz2#d971df2dcd1a453daabecec0ef76e88a
https://conda.anaconda.org/conda-forge/osx-64/rasterio-1.2.2-py38h9a50708_0.tar.bz2#a9440cf6a0090e3558fd93904b499ac4
https://conda.anaconda.org/conda-forge/noarch/seaborn-base-0.11.1-pyhd8ed1ab_1.tar.bz2#f524b2bb48274790373a27128b25d7ca
https://conda.anaconda.org/conda-forge/noarch/urllib3-1.26.4-pyhd8ed1ab_0.tar.bz2#d7b20b328e23d993994ea02077c009c0
https://conda.anaconda.org/conda-forge/noarch/wcwidth-0.2.5-pyh9f0ad1d_2.tar.bz2#5266fcd697043c59621fda522b3d78ee
https://conda.anaconda.org/conda-forge/noarch/xarray-0.17.0-pyhd8ed1ab_0.tar.bz2#972b41b5afded8acbfed8ea18d016765
https://conda.anaconda.org/conda-forge/noarch/zarr-2.7.0-pyhd8ed1ab_0.tar.bz2#5c8a67c8148046d5a76bff6353de2d5a
https://conda.anaconda.org/conda-forge/noarch/cf_xarray-0.5.1-pyh44b312d_0.tar.bz2#fe258d69bcdcaba1aa1c8fb5ae2965ba
https://conda.anaconda.org/conda-forge/noarch/cfgrib-0.9.9.0-pyhd8ed1ab_0.tar.bz2#5d17d4c43e5ff9b2c21e8940753e4149
https://conda.anaconda.org/conda-forge/noarch/dask-2021.4.0-pyhd8ed1ab_0.tar.bz2#4d0b8fb16770cd96df3aea16ece19ea2
https://conda.anaconda.org/conda-forge/noarch/geopandas-0.9.0-pyhd8ed1ab_0.tar.bz2#5ad23a6ba0896134cf42bae1a9a0eee7
https://conda.anaconda.org/conda-forge/noarch/nbclient-0.5.3-pyhd8ed1ab_0.tar.bz2#67f12831640fde52fe9be1bbc6b699e7
https://conda.anaconda.org/conda-forge/noarch/ncar-jobqueue-2021.2.10-pyh44b312d_0.tar.bz2#0a36e90562cb65063484544f805b6120
https://conda.anaconda.org/conda-forge/noarch/prompt-toolkit-3.0.18-pyha770c72_0.tar.bz2#aa44d0f71016061e83df1126764acdb7
https://conda.anaconda.org/conda-forge/noarch/python-graphviz-0.16-pyh243d235_2.tar.bz2#8a37b68eb6fd242a4112781c2f7b4b98
https://conda.anaconda.org/conda-forge/noarch/requests-2.25.1-pyhd3deb0d_0.tar.bz2#ae687aba31a1c400192a86a2e993ffdc
https://conda.anaconda.org/conda-forge/osx-64/statsmodels-0.12.2-py38ha1b04c9_0.tar.bz2#50203dbaa561232a7b293e9987a39356
https://conda.anaconda.org/conda-forge/noarch/intake-0.6.2-pyhd8ed1ab_0.tar.bz2#159c093fadd067d8e1d6e559fae44288
https://conda.anaconda.org/conda-forge/osx-64/ipython-7.22.0-py38h6c79ece_0.tar.bz2#73decd3e984a7556d780ae960c9169bb
https://conda.anaconda.org/conda-forge/osx-64/nbconvert-6.0.7-py38h50d1736_3.tar.bz2#4f6620112b16223117249294cb939eac
https://conda.anaconda.org/conda-forge/noarch/papermill-2.3.3-pyhd8ed1ab_0.tar.bz2#58a04c70e13f2f1f296729889491ba67
https://conda.anaconda.org/conda-forge/noarch/pooch-1.3.0-pyhd8ed1ab_0.tar.bz2#7041d42601fe3de878565ca84c952237
https://conda.anaconda.org/conda-forge/noarch/pyct-0.4.6-py_0.tar.bz2#42d91c89bc3993ec88681cffd3c0e326
https://conda.anaconda.org/conda-forge/noarch/seaborn-0.11.1-hd8ed1ab_1.tar.bz2#0fa8696d6ef25ac366f04a27c238da31
https://conda.anaconda.org/conda-forge/noarch/xesmf-0.5.3-pyhd8ed1ab_0.tar.bz2#a83576c3de22695f4bcd53d54755c7e2
https://conda.anaconda.org/conda-forge/noarch/colorcet-2.0.6-pyhd8ed1ab_0.tar.bz2#bdf0d14cb996a18a3df88ddac83e11f9
https://conda.anaconda.org/conda-forge/noarch/intake-esm-2021.1.15-pyhd8ed1ab_0.tar.bz2#f9905ccbc28a73fc2fc17b6fed9b0bd6
https://conda.anaconda.org/conda-forge/noarch/intake-xarray-0.5.0-pyhd8ed1ab_0.tar.bz2#43d9d1c90da0b2b28cc16e58a52a0f2b
https://conda.anaconda.org/conda-forge/osx-64/ipykernel-5.5.3-py38h6c79ece_0.tar.bz2#42b61e83d5a5f352af639fe7abd7d726
https://conda.anaconda.org/conda-forge/osx-64/jupyter_server-1.6.1-py38h50d1736_0.tar.bz2#25292f9b5ca439c1a8459d7418661fd1
https://conda.anaconda.org/conda-forge/noarch/metpy-1.0-pyhd8ed1ab_0.tar.bz2#b7da8602ec108ea1e056598f8d861909
https://conda.anaconda.org/conda-forge/noarch/panel-0.11.2-pyhd8ed1ab_0.tar.bz2#b2a3261576b942aee0adabc232a8b7b1
https://conda.anaconda.org/conda-forge/noarch/watermark-2.2.0-pyhd8ed1ab_0.tar.bz2#c93926fd4f95bd26153f28cdf8b8f78b
https://conda.anaconda.org/conda-forge/noarch/datashader-0.12.1-pyh44b312d_1.tar.bz2#3c04cf57042d44a61fea446d281ad17c
https://conda.anaconda.org/conda-forge/noarch/jupyterlab_server-2.4.0-pyhd8ed1ab_0.tar.bz2#ad7648e33c04637ba640945340302741
https://conda.anaconda.org/conda-forge/osx-64/notebook-6.3.0-py38h50d1736_0.tar.bz2#702086d1d9ba5370a4ac7ff41052faaf
https://conda.anaconda.org/conda-forge/noarch/holoviews-1.14.3-pyhd8ed1ab_0.tar.bz2#e262a3bc1443cfee28f1d49236cc2acd
https://conda.anaconda.org/conda-forge/noarch/nbclassic-0.2.7-pyhd8ed1ab_0.tar.bz2#cf4723f3178fb1cae4f7bf8e31db0e38
https://conda.anaconda.org/conda-forge/osx-64/widgetsnbextension-3.5.1-py38h50d1736_4.tar.bz2#7d69dd67c8a01d72b41e73102141afb8
https://conda.anaconda.org/conda-forge/noarch/geoviews-core-1.9.1-pyha770c72_0.tar.bz2#2b6b08ce5c64d1661f9a69af0622e778
https://conda.anaconda.org/conda-forge/noarch/hvplot-0.7.1-pyh44b312d_0.tar.bz2#440851c33f336e5a6eb107120946869a
https://conda.anaconda.org/conda-forge/noarch/ipywidgets-7.6.3-pyhd3deb0d_0.tar.bz2#536a9ed6d9e740f2b83d1a3c388e4388
https://conda.anaconda.org/conda-forge/noarch/jupyterlab-3.0.14-pyhd8ed1ab_0.tar.bz2#a40aa8ef6258bf7c2ef42ecd97701b74
https://conda.anaconda.org/conda-forge/noarch/geoviews-1.9.1-pyhd8ed1ab_0.tar.bz2#45759ff37a465ab7b3bfbf6150f3e405
